// !$*UTF8*$!
{
	archiveVersion = 1;
	classes = {
	};
	objectVersion = 46;
	objects = {

/* Begin PBXBuildFile section */
		1AC8E17B1DC6AEB700A43A5F /* AppDelegate.swift in Sources */ = {isa = PBXBuildFile; fileRef = 1AC8E17A1DC6AEB700A43A5F /* AppDelegate.swift */; };
		1AC8E17D1DC6AEB700A43A5F /* GameScene.sks in Resources */ = {isa = PBXBuildFile; fileRef = 1AC8E17C1DC6AEB700A43A5F /* GameScene.sks */; };
		1AC8E1811DC6AEB700A43A5F /* GameScene.swift in Sources */ = {isa = PBXBuildFile; fileRef = 1AC8E1801DC6AEB700A43A5F /* GameScene.swift */; };
		1AC8E1831DC6AEB700A43A5F /* GameViewController.swift in Sources */ = {isa = PBXBuildFile; fileRef = 1AC8E1821DC6AEB700A43A5F /* GameViewController.swift */; };
		1AC8E1861DC6AEB700A43A5F /* Main.storyboard in Resources */ = {isa = PBXBuildFile; fileRef = 1AC8E1841DC6AEB700A43A5F /* Main.storyboard */; };
		1AC8E1881DC6AEB700A43A5F /* Assets.xcassets in Resources */ = {isa = PBXBuildFile; fileRef = 1AC8E1871DC6AEB700A43A5F /* Assets.xcassets */; };
		1AC8E18B1DC6AEB700A43A5F /* LaunchScreen.storyboard in Resources */ = {isa = PBXBuildFile; fileRef = 1AC8E1891DC6AEB700A43A5F /* LaunchScreen.storyboard */; };
		1AD1A5CC1DC6BD870007E06C /* coin.wav in Resources */ = {isa = PBXBuildFile; fileRef = 1AD1A5C71DC6BD870007E06C /* coin.wav */; };
		1AD1A5CD1DC6BD870007E06C /* explosion.wav in Resources */ = {isa = PBXBuildFile; fileRef = 1AD1A5C81DC6BD870007E06C /* explosion.wav */; };
		1AD1A5CE1DC6BD870007E06C /* music.m4a in Resources */ = {isa = PBXBuildFile; fileRef = 1AD1A5C91DC6BD870007E06C /* music.m4a */; };
		1AD1A5CF1DC6BD870007E06C /* PlayerExplosion.sks in Resources */ = {isa = PBXBuildFile; fileRef = 1AD1A5CA1DC6BD870007E06C /* PlayerExplosion.sks */; };
		1AD1A5D01DC6BD870007E06C /* spark.png in Resources */ = {isa = PBXBuildFile; fileRef = 1AD1A5CB1DC6BD870007E06C /* spark.png */; };
/* End PBXBuildFile section */

/* Begin PBXFileReference section */
		1AC8E1771DC6AEB700A43A5F /* CrashyPlane.app */ = {isa = PBXFileReference; explicitFileType = wrapper.application; includeInIndex = 0; path = CrashyPlane.app; sourceTree = BUILT_PRODUCTS_DIR; };
		1AC8E17A1DC6AEB700A43A5F /* AppDelegate.swift */ = {isa = PBXFileReference; lastKnownFileType = sourcecode.swift; path = AppDelegate.swift; sourceTree = "<group>"; };
		1AC8E17C1DC6AEB700A43A5F /* GameScene.sks */ = {isa = PBXFileReference; lastKnownFileType = file.sks; path = GameScene.sks; sourceTree = "<group>"; };
		1AC8E1801DC6AEB700A43A5F /* GameScene.swift */ = {isa = PBXFileReference; lastKnownFileType = sourcecode.swift; path = GameScene.swift; sourceTree = "<group>"; };
		1AC8E1821DC6AEB700A43A5F /* GameViewController.swift */ = {isa = PBXFileReference; lastKnownFileType = sourcecode.swift; path = GameViewController.swift; sourceTree = "<group>"; };
		1AC8E1851DC6AEB700A43A5F /* Base */ = {isa = PBXFileReference; lastKnownFileType = file.storyboard; name = Base; path = Base.lproj/Main.storyboard; sourceTree = "<group>"; };
		1AC8E1871DC6AEB700A43A5F /* Assets.xcassets */ = {isa = PBXFileReference; lastKnownFileType = folder.assetcatalog; path = Assets.xcassets; sourceTree = "<group>"; };
		1AC8E18A1DC6AEB700A43A5F /* Base */ = {isa = PBXFileReference; lastKnownFileType = file.storyboard; name = Base; path = Base.lproj/LaunchScreen.storyboard; sourceTree = "<group>"; };
		1AC8E18C1DC6AEB700A43A5F /* Info.plist */ = {isa = PBXFileReference; lastKnownFileType = text.plist.xml; path = Info.plist; sourceTree = "<group>"; };
		1AD1A5C71DC6BD870007E06C /* coin.wav */ = {isa = PBXFileReference; lastKnownFileType = audio.wav; path = coin.wav; sourceTree = "<group>"; };
		1AD1A5C81DC6BD870007E06C /* explosion.wav */ = {isa = PBXFileReference; lastKnownFileType = audio.wav; path = explosion.wav; sourceTree = "<group>"; };
		1AD1A5C91DC6BD870007E06C /* music.m4a */ = {isa = PBXFileReference; lastKnownFileType = file; path = music.m4a; sourceTree = "<group>"; };
		1AD1A5CA1DC6BD870007E06C /* PlayerExplosion.sks */ = {isa = PBXFileReference; lastKnownFileType = file.sks; path = PlayerExplosion.sks; sourceTree = "<group>"; };
		1AD1A5CB1DC6BD870007E06C /* spark.png */ = {isa = PBXFileReference; lastKnownFileType = image.png; path = spark.png; sourceTree = "<group>"; };
/* End PBXFileReference section */

/* Begin PBXFrameworksBuildPhase section */
		1AC8E1741DC6AEB600A43A5F /* Frameworks */ = {
			isa = PBXFrameworksBuildPhase;
			buildActionMask = 2147483647;
			files = (
			);
			runOnlyForDeploymentPostprocessing = 0;
		};
/* End PBXFrameworksBuildPhase section */

/* Begin PBXGroup section */
		1AC8E16E1DC6AEB600A43A5F = {
			isa = PBXGroup;
			children = (
				1AC8E1791DC6AEB700A43A5F /* CrashyPlane */,
				1AC8E1781DC6AEB700A43A5F /* Products */,
			);
			sourceTree = "<group>";
		};
		1AC8E1781DC6AEB700A43A5F /* Products */ = {
			isa = PBXGroup;
			children = (
				1AC8E1771DC6AEB700A43A5F /* CrashyPlane.app */,
			);
			name = Products;
			sourceTree = "<group>";
		};
		1AC8E1791DC6AEB700A43A5F /* CrashyPlane */ = {
			isa = PBXGroup;
			children = (
				1AD1A5C61DC6BD790007E06C /* Content */,
				1AC8E17A1DC6AEB700A43A5F /* AppDelegate.swift */,
				1AC8E17C1DC6AEB700A43A5F /* GameScene.sks */,
				1AC8E1801DC6AEB700A43A5F /* GameScene.swift */,
				1AC8E1821DC6AEB700A43A5F /* GameViewController.swift */,
				1AC8E1841DC6AEB700A43A5F /* Main.storyboard */,
				1AC8E1871DC6AEB700A43A5F /* Assets.xcassets */,
				1AC8E1891DC6AEB700A43A5F /* LaunchScreen.storyboard */,
				1AC8E18C1DC6AEB700A43A5F /* Info.plist */,
			);
			path = CrashyPlane;
			sourceTree = "<group>";
		};
		1AD1A5C61DC6BD790007E06C /* Content */ = {
			isa = PBXGroup;
			children = (
				1AD1A5C71DC6BD870007E06C /* coin.wav */,
				1AD1A5C81DC6BD870007E06C /* explosion.wav */,
				1AD1A5C91DC6BD870007E06C /* music.m4a */,
				1AD1A5CA1DC6BD870007E06C /* PlayerExplosion.sks */,
				1AD1A5CB1DC6BD870007E06C /* spark.png */,
			);
			name = Content;
			sourceTree = "<group>";
		};
/* End PBXGroup section */

/* Begin PBXNativeTarget section */
		1AC8E1761DC6AEB600A43A5F /* CrashyPlane */ = {
			isa = PBXNativeTarget;
			buildConfigurationList = 1AC8E18F1DC6AEB700A43A5F /* Build configuration list for PBXNativeTarget "CrashyPlane" */;
			buildPhases = (
				1AC8E1731DC6AEB600A43A5F /* Sources */,
				1AC8E1741DC6AEB600A43A5F /* Frameworks */,
				1AC8E1751DC6AEB600A43A5F /* Resources */,
			);
			buildRules = (
			);
			dependencies = (
			);
			name = CrashyPlane;
			productName = CrashyPlane;
			productReference = 1AC8E1771DC6AEB700A43A5F /* CrashyPlane.app */;
			productType = "com.apple.product-type.application";
		};
/* End PBXNativeTarget section */

/* Begin PBXProject section */
		1AC8E16F1DC6AEB600A43A5F /* Project object */ = {
			isa = PBXProject;
			attributes = {
				LastSwiftUpdateCheck = 0810;
				LastUpgradeCheck = 0810;
				ORGANIZATIONNAME = KTP;
				TargetAttributes = {
					1AC8E1761DC6AEB600A43A5F = {
						CreatedOnToolsVersion = 8.1;
						DevelopmentTeam = YCSFQ3X3F2;
						ProvisioningStyle = Automatic;
					};
				};
			};
			buildConfigurationList = 1AC8E1721DC6AEB600A43A5F /* Build configuration list for PBXProject "CrashyPlane" */;
			compatibilityVersion = "Xcode 3.2";
			developmentRegion = English;
			hasScannedForEncodings = 0;
			knownRegions = (
				en,
				Base,
			);
			mainGroup = 1AC8E16E1DC6AEB600A43A5F;
			productRefGroup = 1AC8E1781DC6AEB700A43A5F /* Products */;
			projectDirPath = "";
			projectRoot = "";
			targets = (
				1AC8E1761DC6AEB600A43A5F /* CrashyPlane */,
			);
		};
/* End PBXProject section */

/* Begin PBXResourcesBuildPhase section */
		1AC8E1751DC6AEB600A43A5F /* Resources */ = {
			isa = PBXResourcesBuildPhase;
			buildActionMask = 2147483647;
			files = (
				1AD1A5CF1DC6BD870007E06C /* PlayerExplosion.sks in Resources */,
				1AD1A5D01DC6BD870007E06C /* spark.png in Resources */,
				1AD1A5CD1DC6BD870007E06C /* explosion.wav in Resources */,
				1AD1A5CE1DC6BD870007E06C /* music.m4a in Resources */,
				1AD1A5CC1DC6BD870007E06C /* coin.wav in Resources */,
				1AC8E1861DC6AEB700A43A5F /* Main.storyboard in Resources */,
				1AC8E17D1DC6AEB700A43A5F /* GameScene.sks in Resources */,
				1AC8E1881DC6AEB700A43A5F /* Assets.xcassets in Resources */,
				1AC8E18B1DC6AEB700A43A5F /* LaunchScreen.storyboard in Resources */,
			);
			runOnlyForDeploymentPostprocessing = 0;
		};
/* End PBXResourcesBuildPhase section */

/* Begin PBXSourcesBuildPhase section */
		1AC8E1731DC6AEB600A43A5F /* Sources */ = {
			isa = PBXSourcesBuildPhase;
			buildActionMask = 2147483647;
			files = (
				1AC8E1811DC6AEB700A43A5F /* GameScene.swift in Sources */,
				1AC8E1831DC6AEB700A43A5F /* GameViewController.swift in Sources */,
				1AC8E17B1DC6AEB700A43A5F /* AppDelegate.swift in Sources */,
			);
			runOnlyForDeploymentPostprocessing = 0;
		};
/* End PBXSourcesBuildPhase section */

/* Begin PBXVariantGroup section */
		1AC8E1841DC6AEB700A43A5F /* Main.storyboard */ = {
			isa = PBXVariantGroup;
			children = (
				1AC8E1851DC6AEB700A43A5F /* Base */,
			);
			name = Main.storyboard;
			sourceTree = "<group>";
		};
		1AC8E1891DC6AEB700A43A5F /* LaunchScreen.storyboard */ = {
			isa = PBXVariantGroup;
			children = (
				1AC8E18A1DC6AEB700A43A5F /* Base */,
			);
			name = LaunchScreen.storyboard;
			sourceTree = "<group>";
		};
/* End PBXVariantGroup section */

/* Begin XCBuildConfiguration section */
		1AC8E18D1DC6AEB700A43A5F /* Debug */ = {
			isa = XCBuildConfiguration;
			buildSettings = {
				ALWAYS_SEARCH_USER_PATHS = NO;
				CLANG_ANALYZER_NONNULL = YES;
				CLANG_CXX_LANGUAGE_STANDARD = "gnu++0x";
				CLANG_CXX_LIBRARY = "libc++";
				CLANG_ENABLE_MODULES = YES;
				CLANG_ENABLE_OBJC_ARC = YES;
				CLANG_WARN_BOOL_CONVERSION = YES;
				CLANG_WARN_CONSTANT_CONVERSION = YES;
				CLANG_WARN_DIRECT_OBJC_ISA_USAGE = YES_ERROR;
				CLANG_WARN_DOCUMENTATION_COMMENTS = YES;
				CLANG_WARN_EMPTY_BODY = YES;
				CLANG_WARN_ENUM_CONVERSION = YES;
				CLANG_WARN_INFINITE_RECURSION = YES;
				CLANG_WARN_INT_CONVERSION = YES;
				CLANG_WARN_OBJC_ROOT_CLASS = YES_ERROR;
				CLANG_WARN_SUSPICIOUS_MOVES = YES;
				CLANG_WARN_UNREACHABLE_CODE = YES;
				CLANG_WARN__DUPLICATE_METHOD_MATCH = YES;
				"CODE_SIGN_IDENTITY[sdk=iphoneos*]" = "iPhone Developer";
				COPY_PHASE_STRIP = NO;
				DEBUG_INFORMATION_FORMAT = dwarf;
				ENABLE_STRICT_OBJC_MSGSEND = YES;
				ENABLE_TESTABILITY = YES;
				GCC_C_LANGUAGE_STANDARD = gnu99;
				GCC_DYNAMIC_NO_PIC = NO;
				GCC_NO_COMMON_BLOCKS = YES;
				GCC_OPTIMIZATION_LEVEL = 0;
				GCC_PREPROCESSOR_DEFINITIONS = (
					"DEBUG=1",
					"$(inherited)",
				);
				GCC_WARN_64_TO_32_BIT_CONVERSION = YES;
				GCC_WARN_ABOUT_RETURN_TYPE = YES_ERROR;
				GCC_WARN_UNDECLARED_SELECTOR = YES;
				GCC_WARN_UNINITIALIZED_AUTOS = YES_AGGRESSIVE;
				GCC_WARN_UNUSED_FUNCTION = YES;
				GCC_WARN_UNUSED_VARIABLE = YES;
				IPHONEOS_DEPLOYMENT_TARGET = 10.1;
				MTL_ENABLE_DEBUG_INFO = YES;
				ONLY_ACTIVE_ARCH = YES;
				SDKROOT = iphoneos;
				SWIFT_ACTIVE_COMPILATION_CONDITIONS = DEBUG;
				SWIFT_OPTIMIZATION_LEVEL = "-Onone";
			};
			name = Debug;
		};
		1AC8E18E1DC6AEB700A43A5F /* Release */ = {
			isa = XCBuildConfiguration;
			buildSettings = {
				ALWAYS_SEARCH_USER_PATHS = NO;
				CLANG_ANALYZER_NONNULL = YES;
				CLANG_CXX_LANGUAGE_STANDARD = "gnu++0x";
				CLANG_CXX_LIBRARY = "libc++";
				CLANG_ENABLE_MODULES = YES;
				CLANG_ENABLE_OBJC_ARC = YES;
				CLANG_WARN_BOOL_CONVERSION = YES;
				CLANG_WARN_CONSTANT_CONVERSION = YES;
				CLANG_WARN_DIRECT_OBJC_ISA_USAGE = YES_ERROR;
				CLANG_WARN_DOCUMENTATION_COMMENTS = YES;
				CLANG_WARN_EMPTY_BODY = YES;
				CLANG_WARN_ENUM_CONVERSION = YES;
				CLANG_WARN_INFINITE_RECURSION = YES;
				CLANG_WARN_INT_CONVERSION = YES;
				CLANG_WARN_OBJC_ROOT_CLASS = YES_ERROR;
				CLANG_WARN_SUSPICIOUS_MOVES = YES;
				CLANG_WARN_UNREACHABLE_CODE = YES;
				CLANG_WARN__DUPLICATE_METHOD_MATCH = YES;
				"CODE_SIGN_IDENTITY[sdk=iphoneos*]" = "iPhone Developer";
				COPY_PHASE_STRIP = NO;
				DEBUG_INFORMATION_FORMAT = "dwarf-with-dsym";
				ENABLE_NS_ASSERTIONS = NO;
				ENABLE_STRICT_OBJC_MSGSEND = YES;
				GCC_C_LANGUAGE_STANDARD = gnu99;
				GCC_NO_COMMON_BLOCKS = YES;
				GCC_WARN_64_TO_32_BIT_CONVERSION = YES;
				GCC_WARN_ABOUT_RETURN_TYPE = YES_ERROR;
				GCC_WARN_UNDECLARED_SELECTOR = YES;
				GCC_WARN_UNINITIALIZED_AUTOS = YES_AGGRESSIVE;
				GCC_WARN_UNUSED_FUNCTION = YES;
				GCC_WARN_UNUSED_VARIABLE = YES;
				IPHONEOS_DEPLOYMENT_TARGET = 10.1;
				MTL_ENABLE_DEBUG_INFO = NO;
				SDKROOT = iphoneos;
				SWIFT_OPTIMIZATION_LEVEL = "-Owholemodule";
				VALIDATE_PRODUCT = YES;
			};
			name = Release;
		};
		1AC8E1901DC6AEB700A43A5F /* Debug */ = {
			isa = XCBuildConfiguration;
			buildSettings = {
				ASSETCATALOG_COMPILER_APPICON_NAME = AppIcon;
				DEVELOPMENT_TEAM = YCSFQ3X3F2;
				INFOPLIST_FILE = CrashyPlane/Info.plist;
				LD_RUNPATH_SEARCH_PATHS = "$(inherited) @executable_path/Frameworks";
				PRODUCT_BUNDLE_IDENTIFIER = com.KTP.CrashyPlane;
				PRODUCT_NAME = "$(TARGET_NAME)";
				SWIFT_VERSION = 3.0;
			};
			name = Debug;
		};
		1AC8E1911DC6AEB700A43A5F /* Release */ = {
			isa = XCBuildConfiguration;
			buildSettings = {
				ASSETCATALOG_COMPILER_APPICON_NAME = AppIcon;
				DEVELOPMENT_TEAM = YCSFQ3X3F2;
				INFOPLIST_FILE = CrashyPlane/Info.plist;
				LD_RUNPATH_SEARCH_PATHS = "$(inherited) @executable_path/Frameworks";
				PRODUCT_BUNDLE_IDENTIFIER = com.KTP.CrashyPlane;
				PRODUCT_NAME = "$(TARGET_NAME)";
				SWIFT_VERSION = 3.0;
			};
			name = Release;
		};
/* End XCBuildConfiguration section */

/* Begin XCConfigurationList section */
		1AC8E1721DC6AEB600A43A5F /* Build configuration list for PBXProject "CrashyPlane" */ = {
			isa = XCConfigurationList;
			buildConfigurations = (
				1AC8E18D1DC6AEB700A43A5F /* Debug */,
				1AC8E18E1DC6AEB700A43A5F /* Release */,
			);
			defaultConfigurationIsVisible = 0;
			defaultConfigurationName = Release;
		};
		1AC8E18F1DC6AEB700A43A5F /* Build configuration list for PBXNativeTarget "CrashyPlane" */ = {
			isa = XCConfigurationList;
			buildConfigurations = (
				1AC8E1901DC6AEB700A43A5F /* Debug */,
				1AC8E1911DC6AEB700A43A5F /* Release */,
			);
			defaultConfigurationIsVisible = 0;
			defaultConfigurationName = Release;
		};
/* End XCConfigurationList section */
	};
	rootObject = 1AC8E16F1DC6AEB600A43A5F /* Project object */;
}
